
Microsoft Visual Studio Solution File, Format Version 12.00
Project("{FAE04EC0-301F-11D3-BF4B-00C04F79EFBC}") = "AnnealingAlgorithm", "AnnealingAlgorithm\AnnealingAlgorithm.csproj", "{0BA0EF92-F0DA-47E2-856F-54CF4BB5FFCC}"
EndProject
Global
	GlobalSection(SolutionConfigurationPlatforms) = preSolution
		Debug|Any CPU = Debug|Any CPU
		Release|Any CPU = Release|Any CPU
	EndGlobalSection
	GlobalSection(ProjectConfigurationPlatforms) = postSolution
		{0BA0EF92-F0DA-47E2-856F-54CF4BB5FFCC}.Debug|Any CPU.ActiveCfg = Debug|Any CPU
		{0BA0EF92-F0DA-47E2-856F-54CF4BB5FFCC}.Debug|Any CPU.Build.0 = Debug|Any CPU
		{0BA0EF92-F0DA-47E2-856F-54CF4BB5FFCC}.Release|Any CPU.ActiveCfg = Release|Any CPU
		{0BA0EF92-F0DA-47E2-856F-54CF4BB5FFCC}.Release|Any CPU.Build.0 = Release|Any CPU
	EndGlobalSection
EndGlobal
