
Microsoft Visual Studio Solution File, Format Version 12.00
Project("{FAE04EC0-301F-11D3-BF4B-00C04F79EFBC}") = "HebbianAlgorithm", "HebbianAlgorithm\HebbianAlgorithm.csproj", "{8262881E-1C94-42E7-AC1D-24B5E641BBCE}"
EndProject
Global
	GlobalSection(SolutionConfigurationPlatforms) = preSolution
		Debug|Any CPU = Debug|Any CPU
		Release|Any CPU = Release|Any CPU
	EndGlobalSection
	GlobalSection(ProjectConfigurationPlatforms) = postSolution
		{8262881E-1C94-42E7-AC1D-24B5E641BBCE}.Debug|Any CPU.ActiveCfg = Debug|Any CPU
		{8262881E-1C94-42E7-AC1D-24B5E641BBCE}.Debug|Any CPU.Build.0 = Debug|Any CPU
		{8262881E-1C94-42E7-AC1D-24B5E641BBCE}.Release|Any CPU.ActiveCfg = Release|Any CPU
		{8262881E-1C94-42E7-AC1D-24B5E641BBCE}.Release|Any CPU.Build.0 = Release|Any CPU
	EndGlobalSection
EndGlobal
